
Microsoft Visual Studio Solution File, Format Version 12.00
# Visual Studio Version 17
VisualStudioVersion = 17.13.35931.197 d17.13
MinimumVisualStudioVersion = 10.0.40219.1
Project("{FAE04EC0-301F-11D3-BF4B-00C04F79EFBC}") = "Model", "Model\Model.csproj", "{1F0AEAC0-4B8E-488A-8157-F8BA5EC19C9E}"
EndProject
Project("{FAE04EC0-301F-11D3-BF4B-00C04F79EFBC}") = "EinsatzberichtKonfigurator", "EinsatzberichtKonfigurator\EinsatzberichtKonfigurator.csproj", "{286B4266-EC9A-4645-8B0B-F87DD0873743}"
EndProject
Global
	GlobalSection(SolutionConfigurationPlatforms) = preSolution
		Debug|ARM64 = Debug|ARM64
		Debug|x64 = Debug|x64
		Debug|x86 = Debug|x86
		Release|ARM64 = Release|ARM64
		Release|x64 = Release|x64
		Release|x86 = Release|x86
	EndGlobalSection
	GlobalSection(ProjectConfigurationPlatforms) = postSolution
		{1F0AEAC0-4B8E-488A-8157-F8BA5EC19C9E}.Debug|ARM64.ActiveCfg = Debug|Any CPU
		{1F0AEAC0-4B8E-488A-8157-F8BA5EC19C9E}.Debug|ARM64.Build.0 = Debug|Any CPU
		{1F0AEAC0-4B8E-488A-8157-F8BA5EC19C9E}.Debug|x64.ActiveCfg = Debug|Any CPU
		{1F0AEAC0-4B8E-488A-8157-F8BA5EC19C9E}.Debug|x64.Build.0 = Debug|Any CPU
		{1F0AEAC0-4B8E-488A-8157-F8BA5EC19C9E}.Debug|x86.ActiveCfg = Debug|Any CPU
		{1F0AEAC0-4B8E-488A-8157-F8BA5EC19C9E}.Debug|x86.Build.0 = Debug|Any CPU
		{1F0AEAC0-4B8E-488A-8157-F8BA5EC19C9E}.Release|ARM64.ActiveCfg = Release|Any CPU
		{1F0AEAC0-4B8E-488A-8157-F8BA5EC19C9E}.Release|ARM64.Build.0 = Release|Any CPU
		{1F0AEAC0-4B8E-488A-8157-F8BA5EC19C9E}.Release|x64.ActiveCfg = Release|Any CPU
		{1F0AEAC0-4B8E-488A-8157-F8BA5EC19C9E}.Release|x64.Build.0 = Release|Any CPU
		{1F0AEAC0-4B8E-488A-8157-F8BA5EC19C9E}.Release|x86.ActiveCfg = Release|Any CPU
		{1F0AEAC0-4B8E-488A-8157-F8BA5EC19C9E}.Release|x86.Build.0 = Release|Any CPU
		{286B4266-EC9A-4645-8B0B-F87DD0873743}.Debug|ARM64.ActiveCfg = Debug|Any CPU
		{286B4266-EC9A-4645-8B0B-F87DD0873743}.Debug|ARM64.Build.0 = Debug|Any CPU
		{286B4266-EC9A-4645-8B0B-F87DD0873743}.Debug|x64.ActiveCfg = Debug|Any CPU
		{286B4266-EC9A-4645-8B0B-F87DD0873743}.Debug|x64.Build.0 = Debug|Any CPU
		{286B4266-EC9A-4645-8B0B-F87DD0873743}.Debug|x86.ActiveCfg = Debug|Any CPU
		{286B4266-EC9A-4645-8B0B-F87DD0873743}.Debug|x86.Build.0 = Debug|Any CPU
		{286B4266-EC9A-4645-8B0B-F87DD0873743}.Release|ARM64.ActiveCfg = Release|Any CPU
		{286B4266-EC9A-4645-8B0B-F87DD0873743}.Release|ARM64.Build.0 = Release|Any CPU
		{286B4266-EC9A-4645-8B0B-F87DD0873743}.Release|x64.ActiveCfg = Release|Any CPU
		{286B4266-EC9A-4645-8B0B-F87DD0873743}.Release|x64.Build.0 = Release|Any CPU
		{286B4266-EC9A-4645-8B0B-F87DD0873743}.Release|x86.ActiveCfg = Release|Any CPU
		{286B4266-EC9A-4645-8B0B-F87DD0873743}.Release|x86.Build.0 = Release|Any CPU
	EndGlobalSection
	GlobalSection(SolutionProperties) = preSolution
		HideSolutionNode = FALSE
	EndGlobalSection
	GlobalSection(ExtensibilityGlobals) = postSolution
		SolutionGuid = {435BCD16-A13A-4D33-BA88-3A9CF71930C6}
	EndGlobalSection
EndGlobal
